
Microsoft Visual Studio Solution File, Format Version 12.00
# Visual Studio Version 16
VisualStudioVersion = 16.0.29215.179
MinimumVisualStudioVersion = 10.0.40219.1
Project("{6EC3EE1D-3C4E-46DD-8F32-0CC8E7565705}") = "Programmerare.CrsTransformations.Core", "Programmerare.CrsTransformations.Core\Programmerare.CrsTransformations.Core.fsproj", "{B67E310B-12F5-4E11-B0E5-FB432280E349}"
EndProject
Project("{6EC3EE1D-3C4E-46DD-8F32-0CC8E7565705}") = "Programmerare.CrsTransformations.Adapter.MightyLittleGeodesy", "Programmerare.CrsTransformations.Adapter.MightyLittleGeodesy\Programmerare.CrsTransformations.Adapter.MightyLittleGeodesy.fsproj", "{FBC8F5C4-8E55-4D56-9695-86E44D8BB996}"
EndProject
Project("{6EC3EE1D-3C4E-46DD-8F32-0CC8E7565705}") = "Programmerare.CrsTransformations.Adapter.DotSpatial", "Programmerare.CrsTransformations.Adapter.DotSpatial\Programmerare.CrsTransformations.Adapter.DotSpatial.fsproj", "{4E256F4D-B3DC-436F-82AC-BC3A524C209F}"
EndProject
Project("{6EC3EE1D-3C4E-46DD-8F32-0CC8E7565705}") = "Programmerare.CrsTransformations.Adapter.ProjNet4GeoAPI", "Programmerare.CrsTransformations.Adapter.ProjNet4GeoAPI\Programmerare.CrsTransformations.Adapter.ProjNet4GeoAPI.fsproj", "{1B78D2D9-106B-4E1B-9CDC-7DCC5D98B515}"
EndProject
Project("{9A19103F-16F7-4668-BE54-9A1E7A4F7556}") = "Programmerare.CrsTransformations.Constants", "Programmerare.CrsTransformations.Constants\Programmerare.CrsTransformations.Constants.csproj", "{909C87C3-4B82-434A-8EE7-0D44C658172A}"
EndProject
Project("{9A19103F-16F7-4668-BE54-9A1E7A4F7556}") = "Programmerare.CrsTransformations.Test", "TestAndExampleProjects\Programmerare.CrsTransformations.Test\Programmerare.CrsTransformations.Test.csproj", "{32B90681-B7A3-4CFB-B329-77B176D6EEA2}"
EndProject
Project("{9A19103F-16F7-4668-BE54-9A1E7A4F7556}") = "Programmerare.CrsTransformations.TestClient", "TestAndExampleProjects\Programmerare.CrsTransformations.TestClient\Programmerare.CrsTransformations.TestClient.csproj", "{42A4CC0F-A556-4C9D-B311-9A669F7C4FE2}"
EndProject
Project("{FAE04EC0-301F-11D3-BF4B-00C04F79EFBC}") = "Programmerare.CrsTransformations.TestWithoutDependeciesToAllAdapters", "TestAndExampleProjects\Programmerare.CrsTransformations.TestWithoutDependeciesToAllAdapters\Programmerare.CrsTransformations.TestWithoutDependeciesToAllAdapters.csproj", "{108FB9D0-1302-4D83-BC32-43F05431369B}"
EndProject
Project("{9A19103F-16F7-4668-BE54-9A1E7A4F7556}") = "Programmerare.CrsTransformations.NuGetClientExampleProjectCSharpe", "TestAndExampleProjects\NuGetClientExampleProjectCSharpe\Programmerare.CrsTransformations.NuGetClientExampleProjectCSharpe.csproj", "{E3EDF3EA-01BE-48F7-8F6F-BEE75A995D9D}"
EndProject
Project("{6EC3EE1D-3C4E-46DD-8F32-0CC8E7565705}") = "Programmerare.CrsTransformations.NuGetClientExampleProjectFSharpe", "TestAndExampleProjects\NuGetClientExampleProjectFSharpe\Programmerare.CrsTransformations.NuGetClientExampleProjectFSharpe.fsproj", "{853B49A1-AB89-4695-B698-95C93C8A70E9}"
EndProject
Project("{778DAE3C-4631-46EA-AA77-85C1314464D9}") = "Programmerare.CrsTransformations.NuGetClientExampleProjectVBnet", "TestAndExampleProjects\NuGetClientExampleProjectVBnet\Programmerare.CrsTransformations.NuGetClientExampleProjectVBnet.vbproj", "{DFE939AE-6F69-4C93-9A42-1F7CDA4F736E}"
EndProject
Project("{F2A71F9B-5D33-465A-A702-920D77279786}") = "Programmerare.CrsTransformations.Adapter.ProjNet", "Programmerare.CrsTransformations.Adapter.ProjNet\Programmerare.CrsTransformations.Adapter.ProjNet.fsproj", "{09409993-DDAA-4A71-BCBB-BDC478D86276}"
EndProject
Global
	GlobalSection(SolutionConfigurationPlatforms) = preSolution
		Debug|Any CPU = Debug|Any CPU
		Release|Any CPU = Release|Any CPU
	EndGlobalSection
	GlobalSection(ProjectConfigurationPlatforms) = postSolution
		{B67E310B-12F5-4E11-B0E5-FB432280E349}.Debug|Any CPU.ActiveCfg = Debug|Any CPU
		{B67E310B-12F5-4E11-B0E5-FB432280E349}.Debug|Any CPU.Build.0 = Debug|Any CPU
		{B67E310B-12F5-4E11-B0E5-FB432280E349}.Release|Any CPU.ActiveCfg = Release|Any CPU
		{B67E310B-12F5-4E11-B0E5-FB432280E349}.Release|Any CPU.Build.0 = Release|Any CPU
		{FBC8F5C4-8E55-4D56-9695-86E44D8BB996}.Debug|Any CPU.ActiveCfg = Debug|Any CPU
		{FBC8F5C4-8E55-4D56-9695-86E44D8BB996}.Debug|Any CPU.Build.0 = Debug|Any CPU
		{FBC8F5C4-8E55-4D56-9695-86E44D8BB996}.Release|Any CPU.ActiveCfg = Release|Any CPU
		{FBC8F5C4-8E55-4D56-9695-86E44D8BB996}.Release|Any CPU.Build.0 = Release|Any CPU
		{4E256F4D-B3DC-436F-82AC-BC3A524C209F}.Debug|Any CPU.ActiveCfg = Debug|Any CPU
		{4E256F4D-B3DC-436F-82AC-BC3A524C209F}.Debug|Any CPU.Build.0 = Debug|Any CPU
		{4E256F4D-B3DC-436F-82AC-BC3A524C209F}.Release|Any CPU.ActiveCfg = Release|Any CPU
		{4E256F4D-B3DC-436F-82AC-BC3A524C209F}.Release|Any CPU.Build.0 = Release|Any CPU
		{1B78D2D9-106B-4E1B-9CDC-7DCC5D98B515}.Debug|Any CPU.ActiveCfg = Debug|Any CPU
		{1B78D2D9-106B-4E1B-9CDC-7DCC5D98B515}.Debug|Any CPU.Build.0 = Debug|Any CPU
		{1B78D2D9-106B-4E1B-9CDC-7DCC5D98B515}.Release|Any CPU.ActiveCfg = Release|Any CPU
		{1B78D2D9-106B-4E1B-9CDC-7DCC5D98B515}.Release|Any CPU.Build.0 = Release|Any CPU
		{909C87C3-4B82-434A-8EE7-0D44C658172A}.Debug|Any CPU.ActiveCfg = Debug|Any CPU
		{909C87C3-4B82-434A-8EE7-0D44C658172A}.Debug|Any CPU.Build.0 = Debug|Any CPU
		{909C87C3-4B82-434A-8EE7-0D44C658172A}.Release|Any CPU.ActiveCfg = Release|Any CPU
		{909C87C3-4B82-434A-8EE7-0D44C658172A}.Release|Any CPU.Build.0 = Release|Any CPU
		{32B90681-B7A3-4CFB-B329-77B176D6EEA2}.Debug|Any CPU.ActiveCfg = Debug|Any CPU
		{32B90681-B7A3-4CFB-B329-77B176D6EEA2}.Debug|Any CPU.Build.0 = Debug|Any CPU
		{32B90681-B7A3-4CFB-B329-77B176D6EEA2}.Release|Any CPU.ActiveCfg = Release|Any CPU
		{32B90681-B7A3-4CFB-B329-77B176D6EEA2}.Release|Any CPU.Build.0 = Release|Any CPU
		{42A4CC0F-A556-4C9D-B311-9A669F7C4FE2}.Debug|Any CPU.ActiveCfg = Debug|Any CPU
		{42A4CC0F-A556-4C9D-B311-9A669F7C4FE2}.Debug|Any CPU.Build.0 = Debug|Any CPU
		{42A4CC0F-A556-4C9D-B311-9A669F7C4FE2}.Release|Any CPU.ActiveCfg = Release|Any CPU
		{42A4CC0F-A556-4C9D-B311-9A669F7C4FE2}.Release|Any CPU.Build.0 = Release|Any CPU
		{108FB9D0-1302-4D83-BC32-43F05431369B}.Debug|Any CPU.ActiveCfg = Debug|Any CPU
		{108FB9D0-1302-4D83-BC32-43F05431369B}.Debug|Any CPU.Build.0 = Debug|Any CPU
		{108FB9D0-1302-4D83-BC32-43F05431369B}.Release|Any CPU.ActiveCfg = Release|Any CPU
		{108FB9D0-1302-4D83-BC32-43F05431369B}.Release|Any CPU.Build.0 = Release|Any CPU
		{E3EDF3EA-01BE-48F7-8F6F-BEE75A995D9D}.Debug|Any CPU.ActiveCfg = Debug|Any CPU
		{E3EDF3EA-01BE-48F7-8F6F-BEE75A995D9D}.Debug|Any CPU.Build.0 = Debug|Any CPU
		{E3EDF3EA-01BE-48F7-8F6F-BEE75A995D9D}.Release|Any CPU.ActiveCfg = Release|Any CPU
		{E3EDF3EA-01BE-48F7-8F6F-BEE75A995D9D}.Release|Any CPU.Build.0 = Release|Any CPU
		{853B49A1-AB89-4695-B698-95C93C8A70E9}.Debug|Any CPU.ActiveCfg = Debug|Any CPU
		{853B49A1-AB89-4695-B698-95C93C8A70E9}.Debug|Any CPU.Build.0 = Debug|Any CPU
		{853B49A1-AB89-4695-B698-95C93C8A70E9}.Release|Any CPU.ActiveCfg = Release|Any CPU
		{853B49A1-AB89-4695-B698-95C93C8A70E9}.Release|Any CPU.Build.0 = Release|Any CPU
		{DFE939AE-6F69-4C93-9A42-1F7CDA4F736E}.Debug|Any CPU.ActiveCfg = Debug|Any CPU
		{DFE939AE-6F69-4C93-9A42-1F7CDA4F736E}.Debug|Any CPU.Build.0 = Debug|Any CPU
		{DFE939AE-6F69-4C93-9A42-1F7CDA4F736E}.Release|Any CPU.ActiveCfg = Release|Any CPU
		{DFE939AE-6F69-4C93-9A42-1F7CDA4F736E}.Release|Any CPU.Build.0 = Release|Any CPU
		{09409993-DDAA-4A71-BCBB-BDC478D86276}.Debug|Any CPU.ActiveCfg = Debug|Any CPU
		{09409993-DDAA-4A71-BCBB-BDC478D86276}.Debug|Any CPU.Build.0 = Debug|Any CPU
		{09409993-DDAA-4A71-BCBB-BDC478D86276}.Release|Any CPU.ActiveCfg = Release|Any CPU
		{09409993-DDAA-4A71-BCBB-BDC478D86276}.Release|Any CPU.Build.0 = Release|Any CPU
	EndGlobalSection
	GlobalSection(SolutionProperties) = preSolution
		HideSolutionNode = FALSE
	EndGlobalSection
	GlobalSection(ExtensibilityGlobals) = postSolution
		SolutionGuid = {35827887-6935-4E5D-9979-698B48216E6B}
	EndGlobalSection
EndGlobal
